<?xml version="1.0" encoding="utf-8"?>
<Project ToolsVersion="17.0" xmlns="http://schemas.microsoft.com/developer/msbuild/2003">
  <ItemGroup>
    <CustomBuild Include="D:\Live2D\CubismSdkForNative-4-r.5.1\Samples\OpenGL\Demo\proj.win.cmake\build\proj_msvc2022_x86_mt\CMakeFiles\8f93f155c654a4c5d158d48336409a87\update_mappings.rule">
      <Filter>CMake Rules</Filter>
    </CustomBuild>
  </ItemGroup>
  <ItemGroup>
    <None Include="D:\Live2D\CubismSdkForNative-4-r.5.1\Samples\OpenGL\thirdParty\glfw\src\mappings.h.in">
      <Filter>Header Files</Filter>
    </None>
    <None Include="D:\Live2D\CubismSdkForNative-4-r.5.1\Samples\OpenGL\thirdParty\glfw\CMake\GenerateMappings.cmake" />
    <None Include="D:\Live2D\CubismSdkForNative-4-r.5.1\Samples\OpenGL\Demo\proj.win.cmake\build\proj_msvc2022_x86_mt\glfw\src\CMakeFiles\update_mappings" />
  </ItemGroup>
  <ItemGroup>
    <Filter Include="CMake Rules">
      <UniqueIdentifier>{2F243D9B-C8DD-3CAB-B09F-16ECD610DE88}</UniqueIdentifier>
    </Filter>
    <Filter Include="Header Files">
      <UniqueIdentifier>{237F0E11-5D4D-3E3F-B4D2-D805FCDCEB73}</UniqueIdentifier>
    </Filter>
  </ItemGroup>
</Project>
