
Microsoft Visual Studio Solution File, Format Version 12.00
# Visual Studio Version 17
Project("{2150E333-8FDC-42A3-9474-1A3956D46DE8}") = "CMakePredefinedTargets", "CMakePredefinedTargets", "{FE7452D3-631A-313E-9E30-F90C4460402C}"
EndProject
Project("{8BC9CEB8-8B4A-11D0-8D11-00A0C91BC942}") = "ALL_BUILD", "ALL_BUILD.vcxproj", "{6615DBC2-D031-32A8-89C8-B7F4C0646F67}"
	ProjectSection(ProjectDependencies) = postProject
		{742DCB75-137E-396B-AD2F-4B1F407C2B28} = {742DCB75-137E-396B-AD2F-4B1F407C2B28}
		{F825300C-DC16-3E94-80ED-7B5413062172} = {F825300C-DC16-3E94-80ED-7B5413062172}
	EndProjectSection
EndProject
Project("{8BC9CEB8-8B4A-11D0-8D11-00A0C91BC942}") = "INSTALL", "INSTALL.vcxproj", "{240812B6-6608-3F4C-B14A-87FB94D1ACD0}"
	ProjectSection(ProjectDependencies) = postProject
		{6615DBC2-D031-32A8-89C8-B7F4C0646F67} = {6615DBC2-D031-32A8-89C8-B7F4C0646F67}
	EndProjectSection
EndProject
Project("{8BC9CEB8-8B4A-11D0-8D11-00A0C91BC942}") = "glew", "glew.vcxproj", "{742DCB75-137E-396B-AD2F-4B1F407C2B28}"
	ProjectSection(ProjectDependencies) = postProject
	EndProjectSection
EndProject
Project("{8BC9CEB8-8B4A-11D0-8D11-00A0C91BC942}") = "glew_s", "glew_s.vcxproj", "{F825300C-DC16-3E94-80ED-7B5413062172}"
	ProjectSection(ProjectDependencies) = postProject
	EndProjectSection
EndProject
Project("{8BC9CEB8-8B4A-11D0-8D11-00A0C91BC942}") = "uninstall", "uninstall.vcxproj", "{A9177AE7-7E97-3984-B580-9C64E5BE592C}"
	ProjectSection(ProjectDependencies) = postProject
	EndProjectSection
EndProject
Global
	GlobalSection(SolutionConfigurationPlatforms) = preSolution
		Debug|x64 = Debug|x64
		Release|x64 = Release|x64
	EndGlobalSection
	GlobalSection(ProjectConfigurationPlatforms) = postSolution
		{6615DBC2-D031-32A8-89C8-B7F4C0646F67}.Debug|x64.ActiveCfg = Debug|x64
		{6615DBC2-D031-32A8-89C8-B7F4C0646F67}.Debug|x64.Build.0 = Debug|x64
		{6615DBC2-D031-32A8-89C8-B7F4C0646F67}.Release|x64.ActiveCfg = Release|x64
		{6615DBC2-D031-32A8-89C8-B7F4C0646F67}.Release|x64.Build.0 = Release|x64
		{240812B6-6608-3F4C-B14A-87FB94D1ACD0}.Debug|x64.ActiveCfg = Debug|x64
		{240812B6-6608-3F4C-B14A-87FB94D1ACD0}.Release|x64.ActiveCfg = Release|x64
		{742DCB75-137E-396B-AD2F-4B1F407C2B28}.Debug|x64.ActiveCfg = Debug|x64
		{742DCB75-137E-396B-AD2F-4B1F407C2B28}.Debug|x64.Build.0 = Debug|x64
		{742DCB75-137E-396B-AD2F-4B1F407C2B28}.Release|x64.ActiveCfg = Release|x64
		{742DCB75-137E-396B-AD2F-4B1F407C2B28}.Release|x64.Build.0 = Release|x64
		{F825300C-DC16-3E94-80ED-7B5413062172}.Debug|x64.ActiveCfg = Debug|x64
		{F825300C-DC16-3E94-80ED-7B5413062172}.Debug|x64.Build.0 = Debug|x64
		{F825300C-DC16-3E94-80ED-7B5413062172}.Release|x64.ActiveCfg = Release|x64
		{F825300C-DC16-3E94-80ED-7B5413062172}.Release|x64.Build.0 = Release|x64
		{A9177AE7-7E97-3984-B580-9C64E5BE592C}.Debug|x64.ActiveCfg = Debug|x64
		{A9177AE7-7E97-3984-B580-9C64E5BE592C}.Release|x64.ActiveCfg = Release|x64
	EndGlobalSection
	GlobalSection(NestedProjects) = preSolution
		{6615DBC2-D031-32A8-89C8-B7F4C0646F67} = {FE7452D3-631A-313E-9E30-F90C4460402C}
		{240812B6-6608-3F4C-B14A-87FB94D1ACD0} = {FE7452D3-631A-313E-9E30-F90C4460402C}
	EndGlobalSection
	GlobalSection(ExtensibilityGlobals) = postSolution
		SolutionGuid = {6C5F0322-EE4A-3487-B79B-B0957084FBFA}
	EndGlobalSection
	GlobalSection(ExtensibilityAddIns) = postSolution
	EndGlobalSection
EndGlobal
