<?xml version="1.0" encoding="utf-8"?>
<Project ToolsVersion="17.0" xmlns="http://schemas.microsoft.com/developer/msbuild/2003">
  <ItemGroup>
    <CustomBuild Include="D:\Live2D\CubismSdkForNative-4-r.5.1\Samples\OpenGL\Demo\proj.win.cmake\build\proj_msvc2022_x64_mt\CMakeFiles\89e5d6e8a80f44b8da8f63411d26d9f2\INSTALL_force.rule">
      <Filter>CMake Rules</Filter>
    </CustomBuild>
  </ItemGroup>
  <ItemGroup>
    <Filter Include="CMake Rules">
      <UniqueIdentifier>{E05947C6-0254-3100-8E0B-06A5B8A8D44F}</UniqueIdentifier>
    </Filter>
  </ItemGroup>
</Project>
