<?xml version="1.0" encoding="utf-8"?>
<Project ToolsVersion="17.0" xmlns="http://schemas.microsoft.com/developer/msbuild/2003">
  <ItemGroup>
    <Filter Include="src">
      <UniqueIdentifier>{ed1b8b37-f7c1-4dde-81d8-b1b92a7e66e3}</UniqueIdentifier>
    </Filter>
  </ItemGroup>
  <ItemGroup>
    <ClCompile Include="..\..\Framework\src\CubismCdiJson.cpp">
      <Filter>src</Filter>
    </ClCompile>
    <ClCompile Include="..\..\Framework\src\CubismDefaultParameterId.cpp">
      <Filter>src</Filter>
    </ClCompile>
    <ClCompile Include="..\..\Framework\src\CubismFramework.cpp">
      <Filter>src</Filter>
    </ClCompile>
    <ClCompile Include="..\..\Framework\src\CubismModelSettingJson.cpp">
      <Filter>src</Filter>
    </ClCompile>
    <ClCompile Include="..\..\Framework\src\Effect\CubismBreath.cpp">
      <Filter>src</Filter>
    </ClCompile>
    <ClCompile Include="..\..\Framework\src\Effect\CubismEyeBlink.cpp">
      <Filter>src</Filter>
    </ClCompile>
    <ClCompile Include="..\..\Framework\src\Effect\CubismPose.cpp">
      <Filter>src</Filter>
    </ClCompile>
    <ClCompile Include="..\..\Framework\src\Id\CubismId.cpp">
      <Filter>src</Filter>
    </ClCompile>
    <ClCompile Include="..\..\Framework\src\Id\CubismIdManager.cpp">
      <Filter>src</Filter>
    </ClCompile>
    <ClCompile Include="..\..\Framework\src\Math\CubismMath.cpp">
      <Filter>src</Filter>
    </ClCompile>
    <ClCompile Include="..\..\Framework\src\Math\CubismMatrix44.cpp">
      <Filter>src</Filter>
    </ClCompile>
    <ClCompile Include="..\..\Framework\src\Math\CubismModelMatrix.cpp">
      <Filter>src</Filter>
    </ClCompile>
    <ClCompile Include="..\..\Framework\src\Math\CubismTargetPoint.cpp">
      <Filter>src</Filter>
    </ClCompile>
    <ClCompile Include="..\..\Framework\src\Math\CubismVector2.cpp">
      <Filter>src</Filter>
    </ClCompile>
    <ClCompile Include="..\..\Framework\src\Math\CubismViewMatrix.cpp">
      <Filter>src</Filter>
    </ClCompile>
    <ClCompile Include="..\..\Framework\src\Model\CubismMoc.cpp">
      <Filter>src</Filter>
    </ClCompile>
    <ClCompile Include="..\..\Framework\src\Model\CubismModel.cpp">
      <Filter>src</Filter>
    </ClCompile>
    <ClCompile Include="..\..\Framework\src\Model\CubismModelUserData.cpp">
      <Filter>src</Filter>
    </ClCompile>
    <ClCompile Include="..\..\Framework\src\Model\CubismModelUserDataJson.cpp">
      <Filter>src</Filter>
    </ClCompile>
    <ClCompile Include="..\..\Framework\src\Model\CubismUserModel.cpp">
      <Filter>src</Filter>
    </ClCompile>
    <ClCompile Include="..\..\Framework\src\Motion\ACubismMotion.cpp">
      <Filter>src</Filter>
    </ClCompile>
    <ClCompile Include="..\..\Framework\src\Motion\CubismExpressionMotion.cpp">
      <Filter>src</Filter>
    </ClCompile>
    <ClCompile Include="..\..\Framework\src\Motion\CubismMotion.cpp">
      <Filter>src</Filter>
    </ClCompile>
    <ClCompile Include="..\..\Framework\src\Motion\CubismMotionJson.cpp">
      <Filter>src</Filter>
    </ClCompile>
    <ClCompile Include="..\..\Framework\src\Motion\CubismMotionManager.cpp">
      <Filter>src</Filter>
    </ClCompile>
    <ClCompile Include="..\..\Framework\src\Motion\CubismMotionQueueEntry.cpp">
      <Filter>src</Filter>
    </ClCompile>
    <ClCompile Include="..\..\Framework\src\Motion\CubismMotionQueueManager.cpp">
      <Filter>src</Filter>
    </ClCompile>
    <ClCompile Include="..\..\Framework\src\Physics\CubismPhysics.cpp">
      <Filter>src</Filter>
    </ClCompile>
    <ClCompile Include="..\..\Framework\src\Physics\CubismPhysicsJson.cpp">
      <Filter>src</Filter>
    </ClCompile>
    <ClCompile Include="..\..\Framework\src\Rendering\CubismRenderer.cpp">
      <Filter>src</Filter>
    </ClCompile>
    <ClCompile Include="..\..\Framework\src\Rendering\OpenGL\CubismOffscreenSurface_OpenGLES2.cpp">
      <Filter>src</Filter>
    </ClCompile>
    <ClCompile Include="..\..\Framework\src\Rendering\OpenGL\CubismRenderer_OpenGLES2.cpp">
      <Filter>src</Filter>
    </ClCompile>
    <ClCompile Include="..\..\Framework\src\Type\csmRectF.cpp">
      <Filter>src</Filter>
    </ClCompile>
    <ClCompile Include="..\..\Framework\src\Type\csmString.cpp">
      <Filter>src</Filter>
    </ClCompile>
    <ClCompile Include="..\..\Framework\src\Utils\CubismDebug.cpp">
      <Filter>src</Filter>
    </ClCompile>
    <ClCompile Include="..\..\Framework\src\Utils\CubismJson.cpp">
      <Filter>src</Filter>
    </ClCompile>
    <ClCompile Include="..\..\Framework\src\Utils\CubismString.cpp">
      <Filter>src</Filter>
    </ClCompile>
  </ItemGroup>
  <ItemGroup>
    <ClInclude Include="..\..\Framework\src\CubismCdiJson.hpp">
      <Filter>src</Filter>
    </ClInclude>
    <ClInclude Include="..\..\Framework\src\CubismDefaultParameterId.hpp">
      <Filter>src</Filter>
    </ClInclude>
    <ClInclude Include="..\..\Framework\src\CubismFramework.hpp">
      <Filter>src</Filter>
    </ClInclude>
    <ClInclude Include="..\..\Framework\src\CubismFrameworkConfig.hpp">
      <Filter>src</Filter>
    </ClInclude>
    <ClInclude Include="..\..\Framework\src\CubismJsonHolder.hpp">
      <Filter>src</Filter>
    </ClInclude>
    <ClInclude Include="..\..\Framework\src\CubismModelSettingJson.hpp">
      <Filter>src</Filter>
    </ClInclude>
    <ClInclude Include="..\..\Framework\src\Effect\CubismBreath.hpp">
      <Filter>src</Filter>
    </ClInclude>
    <ClInclude Include="..\..\Framework\src\Effect\CubismEyeBlink.hpp">
      <Filter>src</Filter>
    </ClInclude>
    <ClInclude Include="..\..\Framework\src\Effect\CubismPose.hpp">
      <Filter>src</Filter>
    </ClInclude>
    <ClInclude Include="..\..\Framework\src\ICubismAllocator.hpp">
      <Filter>src</Filter>
    </ClInclude>
    <ClInclude Include="..\..\Framework\src\ICubismModelSetting.hpp">
      <Filter>src</Filter>
    </ClInclude>
    <ClInclude Include="..\..\Framework\src\Id\CubismId.hpp">
      <Filter>src</Filter>
    </ClInclude>
    <ClInclude Include="..\..\Framework\src\Id\CubismIdManager.hpp">
      <Filter>src</Filter>
    </ClInclude>
    <ClInclude Include="..\..\Framework\src\Live2DCubismCore.hpp">
      <Filter>src</Filter>
    </ClInclude>
    <ClInclude Include="..\..\Framework\src\Math\CubismMath.hpp">
      <Filter>src</Filter>
    </ClInclude>
    <ClInclude Include="..\..\Framework\src\Math\CubismMatrix44.hpp">
      <Filter>src</Filter>
    </ClInclude>
    <ClInclude Include="..\..\Framework\src\Math\CubismModelMatrix.hpp">
      <Filter>src</Filter>
    </ClInclude>
    <ClInclude Include="..\..\Framework\src\Math\CubismTargetPoint.hpp">
      <Filter>src</Filter>
    </ClInclude>
    <ClInclude Include="..\..\Framework\src\Math\CubismVector2.hpp">
      <Filter>src</Filter>
    </ClInclude>
    <ClInclude Include="..\..\Framework\src\Math\CubismViewMatrix.hpp">
      <Filter>src</Filter>
    </ClInclude>
    <ClInclude Include="..\..\Framework\src\Model\CubismMoc.hpp">
      <Filter>src</Filter>
    </ClInclude>
    <ClInclude Include="..\..\Framework\src\Model\CubismModel.hpp">
      <Filter>src</Filter>
    </ClInclude>
    <ClInclude Include="..\..\Framework\src\Model\CubismModelUserData.hpp">
      <Filter>src</Filter>
    </ClInclude>
    <ClInclude Include="..\..\Framework\src\Model\CubismModelUserDataJson.hpp">
      <Filter>src</Filter>
    </ClInclude>
    <ClInclude Include="..\..\Framework\src\Model\CubismUserModel.hpp">
      <Filter>src</Filter>
    </ClInclude>
    <ClInclude Include="..\..\Framework\src\Motion\ACubismMotion.hpp">
      <Filter>src</Filter>
    </ClInclude>
    <ClInclude Include="..\..\Framework\src\Motion\CubismExpressionMotion.hpp">
      <Filter>src</Filter>
    </ClInclude>
    <ClInclude Include="..\..\Framework\src\Motion\CubismMotion.hpp">
      <Filter>src</Filter>
    </ClInclude>
    <ClInclude Include="..\..\Framework\src\Motion\CubismMotionInternal.hpp">
      <Filter>src</Filter>
    </ClInclude>
    <ClInclude Include="..\..\Framework\src\Motion\CubismMotionJson.hpp">
      <Filter>src</Filter>
    </ClInclude>
    <ClInclude Include="..\..\Framework\src\Motion\CubismMotionManager.hpp">
      <Filter>src</Filter>
    </ClInclude>
    <ClInclude Include="..\..\Framework\src\Motion\CubismMotionQueueEntry.hpp">
      <Filter>src</Filter>
    </ClInclude>
    <ClInclude Include="..\..\Framework\src\Motion\CubismMotionQueueManager.hpp">
      <Filter>src</Filter>
    </ClInclude>
    <ClInclude Include="..\..\Framework\src\Physics\CubismPhysics.hpp">
      <Filter>src</Filter>
    </ClInclude>
    <ClInclude Include="..\..\Framework\src\Physics\CubismPhysicsInternal.hpp">
      <Filter>src</Filter>
    </ClInclude>
    <ClInclude Include="..\..\Framework\src\Physics\CubismPhysicsJson.hpp">
      <Filter>src</Filter>
    </ClInclude>
    <ClInclude Include="..\..\Framework\src\Rendering\CubismRenderer.hpp">
      <Filter>src</Filter>
    </ClInclude>
    <ClInclude Include="..\..\Framework\src\Rendering\OpenGL\CubismOffscreenSurface_OpenGLES2.hpp">
      <Filter>src</Filter>
    </ClInclude>
    <ClInclude Include="..\..\Framework\src\Rendering\OpenGL\CubismRenderer_OpenGLES2.hpp">
      <Filter>src</Filter>
    </ClInclude>
    <ClInclude Include="..\..\Framework\src\Type\csmMap.hpp">
      <Filter>src</Filter>
    </ClInclude>
    <ClInclude Include="..\..\Framework\src\Type\csmRectF.hpp">
      <Filter>src</Filter>
    </ClInclude>
    <ClInclude Include="..\..\Framework\src\Type\csmString.hpp">
      <Filter>src</Filter>
    </ClInclude>
    <ClInclude Include="..\..\Framework\src\Type\csmVector.hpp">
      <Filter>src</Filter>
    </ClInclude>
    <ClInclude Include="..\..\Framework\src\Type\CubismBasicType.hpp">
      <Filter>src</Filter>
    </ClInclude>
    <ClInclude Include="..\..\Framework\src\Utils\CubismDebug.hpp">
      <Filter>src</Filter>
    </ClInclude>
    <ClInclude Include="..\..\Framework\src\Utils\CubismJson.hpp">
      <Filter>src</Filter>
    </ClInclude>
    <ClInclude Include="..\..\Framework\src\Utils\CubismString.hpp">
      <Filter>src</Filter>
    </ClInclude>
  </ItemGroup>
</Project>