
Microsoft Visual Studio Solution File, Format Version 12.00
# Visual Studio Version 17
Project("{2150E333-8FDC-42A3-9474-1A3956D46DE8}") = "CMakePredefinedTargets", "CMakePredefinedTargets", "{FE7452D3-631A-313E-9E30-F90C4460402C}"
EndProject
Project("{2150E333-8FDC-42A3-9474-1A3956D46DE8}") = "GLFW3", "GLFW3", "{0EC88E83-24A2-36E8-B27A-EE61C3D7F655}"
EndProject
Project("{8BC9CEB8-8B4A-11D0-8D11-00A0C91BC942}") = "ALL_BUILD", "ALL_BUILD.vcxproj", "{6615DBC2-D031-32A8-89C8-B7F4C0646F67}"
	ProjectSection(ProjectDependencies) = postProject
		{5605A4FA-7C6B-38A7-AB20-84B235F032FD} = {5605A4FA-7C6B-38A7-AB20-84B235F032FD}
	EndProjectSection
EndProject
Project("{8BC9CEB8-8B4A-11D0-8D11-00A0C91BC942}") = "INSTALL", "INSTALL.vcxproj", "{240812B6-6608-3F4C-B14A-87FB94D1ACD0}"
	ProjectSection(ProjectDependencies) = postProject
		{6615DBC2-D031-32A8-89C8-B7F4C0646F67} = {6615DBC2-D031-32A8-89C8-B7F4C0646F67}
	EndProjectSection
EndProject
Project("{8BC9CEB8-8B4A-11D0-8D11-00A0C91BC942}") = "glfw", "src\glfw.vcxproj", "{5605A4FA-7C6B-38A7-AB20-84B235F032FD}"
	ProjectSection(ProjectDependencies) = postProject
	EndProjectSection
EndProject
Project("{8BC9CEB8-8B4A-11D0-8D11-00A0C91BC942}") = "update_mappings", "src\update_mappings.vcxproj", "{BD6300A5-2C56-3107-ABEA-B244C7BA15F3}"
	ProjectSection(ProjectDependencies) = postProject
	EndProjectSection
EndProject
Global
	GlobalSection(SolutionConfigurationPlatforms) = preSolution
		Debug|x64 = Debug|x64
		Release|x64 = Release|x64
	EndGlobalSection
	GlobalSection(ProjectConfigurationPlatforms) = postSolution
		{6615DBC2-D031-32A8-89C8-B7F4C0646F67}.Debug|x64.ActiveCfg = Debug|x64
		{6615DBC2-D031-32A8-89C8-B7F4C0646F67}.Debug|x64.Build.0 = Debug|x64
		{6615DBC2-D031-32A8-89C8-B7F4C0646F67}.Release|x64.ActiveCfg = Release|x64
		{6615DBC2-D031-32A8-89C8-B7F4C0646F67}.Release|x64.Build.0 = Release|x64
		{240812B6-6608-3F4C-B14A-87FB94D1ACD0}.Debug|x64.ActiveCfg = Debug|x64
		{240812B6-6608-3F4C-B14A-87FB94D1ACD0}.Release|x64.ActiveCfg = Release|x64
		{5605A4FA-7C6B-38A7-AB20-84B235F032FD}.Debug|x64.ActiveCfg = Debug|x64
		{5605A4FA-7C6B-38A7-AB20-84B235F032FD}.Debug|x64.Build.0 = Debug|x64
		{5605A4FA-7C6B-38A7-AB20-84B235F032FD}.Release|x64.ActiveCfg = Release|x64
		{5605A4FA-7C6B-38A7-AB20-84B235F032FD}.Release|x64.Build.0 = Release|x64
		{BD6300A5-2C56-3107-ABEA-B244C7BA15F3}.Debug|x64.ActiveCfg = Debug|x64
		{BD6300A5-2C56-3107-ABEA-B244C7BA15F3}.Release|x64.ActiveCfg = Release|x64
	EndGlobalSection
	GlobalSection(NestedProjects) = preSolution
		{6615DBC2-D031-32A8-89C8-B7F4C0646F67} = {FE7452D3-631A-313E-9E30-F90C4460402C}
		{240812B6-6608-3F4C-B14A-87FB94D1ACD0} = {FE7452D3-631A-313E-9E30-F90C4460402C}
		{5605A4FA-7C6B-38A7-AB20-84B235F032FD} = {0EC88E83-24A2-36E8-B27A-EE61C3D7F655}
		{BD6300A5-2C56-3107-ABEA-B244C7BA15F3} = {0EC88E83-24A2-36E8-B27A-EE61C3D7F655}
	EndGlobalSection
	GlobalSection(ExtensibilityGlobals) = postSolution
		SolutionGuid = {CEA5EB2D-7ABE-3CCF-85F1-DC4ADD817116}
	EndGlobalSection
	GlobalSection(ExtensibilityAddIns) = postSolution
	EndGlobalSection
EndGlobal
