
Microsoft Visual Studio Solution File, Format Version 12.00
# Visual Studio Version 17
VisualStudioVersion = 17.4.33213.308
MinimumVisualStudioVersion = 10.0.40219.1
Project("{2150E333-8FDC-42A3-9474-1A3956D46DE8}") = "CMakePredefinedTargets", "CMakePredefinedTargets", "{2C6B303D-4962-3BFC-92EE-9173DCFE48DE}"
EndProject
Project("{2150E333-8FDC-42A3-9474-1A3956D46DE8}") = "GLFW3", "GLFW3", "{2F764BAC-F929-3E90-921B-6F9EEA1F7F21}"
EndProject
Project("{8BC9CEB8-8B4A-11D0-8D11-00A0C91BC942}") = "Demo", "Demo.vcxproj", "{4675DCE0-8D37-3E01-A460-04D860C26E55}"
	ProjectSection(ProjectDependencies) = postProject
		{74C02DF4-0835-32A7-B8DA-B0FA68F8C154} = {74C02DF4-0835-32A7-B8DA-B0FA68F8C154}
		{0BEC1CB1-1926-35A2-B513-CA50EB3C76BC} = {0BEC1CB1-1926-35A2-B513-CA50EB3C76BC}
		{94DE7546-25B2-37D4-AFFF-DE77F3E7E848} = {94DE7546-25B2-37D4-AFFF-DE77F3E7E848}
	EndProjectSection
EndProject
Project("{8BC9CEB8-8B4A-11D0-8D11-00A0C91BC942}") = "ALL_BUILD", "ALL_BUILD.vcxproj", "{0037B23B-9977-34DD-881D-D1145AEEC5E0}"
	ProjectSection(ProjectDependencies) = postProject
		{4675DCE0-8D37-3E01-A460-04D860C26E55} = {4675DCE0-8D37-3E01-A460-04D860C26E55}
		{74C02DF4-0835-32A7-B8DA-B0FA68F8C154} = {74C02DF4-0835-32A7-B8DA-B0FA68F8C154}
		{ECD8B9DF-0489-3338-AB23-630A08B37DFB} = {ECD8B9DF-0489-3338-AB23-630A08B37DFB}
		{0BEC1CB1-1926-35A2-B513-CA50EB3C76BC} = {0BEC1CB1-1926-35A2-B513-CA50EB3C76BC}
		{94DE7546-25B2-37D4-AFFF-DE77F3E7E848} = {94DE7546-25B2-37D4-AFFF-DE77F3E7E848}
	EndProjectSection
EndProject
Project("{8BC9CEB8-8B4A-11D0-8D11-00A0C91BC942}") = "Framework", "Framework\Framework.vcxproj", "{74C02DF4-0835-32A7-B8DA-B0FA68F8C154}"
	ProjectSection(ProjectDependencies) = postProject
		{0BEC1CB1-1926-35A2-B513-CA50EB3C76BC} = {0BEC1CB1-1926-35A2-B513-CA50EB3C76BC}
	EndProjectSection
EndProject
Project("{8BC9CEB8-8B4A-11D0-8D11-00A0C91BC942}") = "INSTALL", "INSTALL.vcxproj", "{5DB96E69-4BAC-35C3-A71D-D2433417A45B}"
	ProjectSection(ProjectDependencies) = postProject
		{0037B23B-9977-34DD-881D-D1145AEEC5E0} = {0037B23B-9977-34DD-881D-D1145AEEC5E0}
	EndProjectSection
EndProject
Project("{8BC9CEB8-8B4A-11D0-8D11-00A0C91BC942}") = "glew", "glew\glew.vcxproj", "{ECD8B9DF-0489-3338-AB23-630A08B37DFB}"
EndProject
Project("{8BC9CEB8-8B4A-11D0-8D11-00A0C91BC942}") = "glew_s", "glew\glew_s.vcxproj", "{0BEC1CB1-1926-35A2-B513-CA50EB3C76BC}"
EndProject
Project("{8BC9CEB8-8B4A-11D0-8D11-00A0C91BC942}") = "glfw", "glfw\src\glfw.vcxproj", "{94DE7546-25B2-37D4-AFFF-DE77F3E7E848}"
EndProject
Project("{8BC9CEB8-8B4A-11D0-8D11-00A0C91BC942}") = "uninstall", "glew\uninstall.vcxproj", "{EB4D3CF7-387B-3D71-8632-7691845A93A1}"
EndProject
Project("{8BC9CEB8-8B4A-11D0-8D11-00A0C91BC942}") = "update_mappings", "glfw\src\update_mappings.vcxproj", "{F690BD08-D56D-3939-B54C-45CA13747E71}"
EndProject
Global
	GlobalSection(SolutionConfigurationPlatforms) = preSolution
		Console|Win32 = Console|Win32
		Window|Win32 = Window|Win32
	EndGlobalSection
	GlobalSection(ProjectConfigurationPlatforms) = postSolution
		{4675DCE0-8D37-3E01-A460-04D860C26E55}.Console|Win32.ActiveCfg = Release Console|Win32
		{4675DCE0-8D37-3E01-A460-04D860C26E55}.Console|Win32.Build.0 = Release Console|Win32
		{4675DCE0-8D37-3E01-A460-04D860C26E55}.Window|Win32.ActiveCfg = Release|Win32
		{4675DCE0-8D37-3E01-A460-04D860C26E55}.Window|Win32.Build.0 = Release|Win32
		{0037B23B-9977-34DD-881D-D1145AEEC5E0}.Console|Win32.ActiveCfg = Release Console|Win32
		{0037B23B-9977-34DD-881D-D1145AEEC5E0}.Console|Win32.Build.0 = Release Console|Win32
		{0037B23B-9977-34DD-881D-D1145AEEC5E0}.Window|Win32.ActiveCfg = Release|Win32
		{0037B23B-9977-34DD-881D-D1145AEEC5E0}.Window|Win32.Build.0 = Release|Win32
		{74C02DF4-0835-32A7-B8DA-B0FA68F8C154}.Console|Win32.ActiveCfg = Release Console|Win32
		{74C02DF4-0835-32A7-B8DA-B0FA68F8C154}.Console|Win32.Build.0 = Release Console|Win32
		{74C02DF4-0835-32A7-B8DA-B0FA68F8C154}.Window|Win32.ActiveCfg = Release Console|Win32
		{74C02DF4-0835-32A7-B8DA-B0FA68F8C154}.Window|Win32.Build.0 = Release Console|Win32
		{5DB96E69-4BAC-35C3-A71D-D2433417A45B}.Console|Win32.ActiveCfg = Release Console|Win32
		{5DB96E69-4BAC-35C3-A71D-D2433417A45B}.Window|Win32.ActiveCfg = Release Console|Win32
		{ECD8B9DF-0489-3338-AB23-630A08B37DFB}.Console|Win32.ActiveCfg = Release Console|Win32
		{ECD8B9DF-0489-3338-AB23-630A08B37DFB}.Console|Win32.Build.0 = Release Console|Win32
		{ECD8B9DF-0489-3338-AB23-630A08B37DFB}.Window|Win32.ActiveCfg = Release Console|Win32
		{ECD8B9DF-0489-3338-AB23-630A08B37DFB}.Window|Win32.Build.0 = Release Console|Win32
		{0BEC1CB1-1926-35A2-B513-CA50EB3C76BC}.Console|Win32.ActiveCfg = Release Console|Win32
		{0BEC1CB1-1926-35A2-B513-CA50EB3C76BC}.Console|Win32.Build.0 = Release Console|Win32
		{0BEC1CB1-1926-35A2-B513-CA50EB3C76BC}.Window|Win32.ActiveCfg = Release Console|Win32
		{0BEC1CB1-1926-35A2-B513-CA50EB3C76BC}.Window|Win32.Build.0 = Release Console|Win32
		{94DE7546-25B2-37D4-AFFF-DE77F3E7E848}.Console|Win32.ActiveCfg = Release Console|Win32
		{94DE7546-25B2-37D4-AFFF-DE77F3E7E848}.Console|Win32.Build.0 = Release Console|Win32
		{94DE7546-25B2-37D4-AFFF-DE77F3E7E848}.Window|Win32.ActiveCfg = Release Console|Win32
		{94DE7546-25B2-37D4-AFFF-DE77F3E7E848}.Window|Win32.Build.0 = Release Console|Win32
		{EB4D3CF7-387B-3D71-8632-7691845A93A1}.Console|Win32.ActiveCfg = Release Console|Win32
		{EB4D3CF7-387B-3D71-8632-7691845A93A1}.Window|Win32.ActiveCfg = Release Console|Win32
		{F690BD08-D56D-3939-B54C-45CA13747E71}.Console|Win32.ActiveCfg = Release Console|Win32
		{F690BD08-D56D-3939-B54C-45CA13747E71}.Window|Win32.ActiveCfg = Release Console|Win32
	EndGlobalSection
	GlobalSection(SolutionProperties) = preSolution
		HideSolutionNode = FALSE
	EndGlobalSection
	GlobalSection(NestedProjects) = preSolution
		{0037B23B-9977-34DD-881D-D1145AEEC5E0} = {2C6B303D-4962-3BFC-92EE-9173DCFE48DE}
		{5DB96E69-4BAC-35C3-A71D-D2433417A45B} = {2C6B303D-4962-3BFC-92EE-9173DCFE48DE}
		{94DE7546-25B2-37D4-AFFF-DE77F3E7E848} = {2F764BAC-F929-3E90-921B-6F9EEA1F7F21}
		{F690BD08-D56D-3939-B54C-45CA13747E71} = {2F764BAC-F929-3E90-921B-6F9EEA1F7F21}
	EndGlobalSection
	GlobalSection(ExtensibilityGlobals) = postSolution
		SolutionGuid = {25823FFB-F318-301F-9C49-78F6E3B92DC3}
	EndGlobalSection
EndGlobal
