<?xml version="1.0" encoding="utf-8"?>
<Project ToolsVersion="17.0" xmlns="http://schemas.microsoft.com/developer/msbuild/2003">
  <ItemGroup>
    <ClCompile Include="..\src\LApp.cpp">
      <Filter>Source Files</Filter>
    </ClCompile>
    <ClCompile Include="..\src\main.cpp">
      <Filter>Source Files</Filter>
    </ClCompile>
    <ClCompile Include="..\src\live2d\LAppAllocator.cpp">
      <Filter>Source Files\live2d</Filter>
    </ClCompile>
    <ClCompile Include="..\src\live2d\LAppDefine.cpp">
      <Filter>Source Files\live2d</Filter>
    </ClCompile>
    <ClCompile Include="..\src\live2d\LAppDelegate.cpp">
      <Filter>Source Files\live2d</Filter>
    </ClCompile>
    <ClCompile Include="..\src\live2d\LAppLive2DManager.cpp">
      <Filter>Source Files\live2d</Filter>
    </ClCompile>
    <ClCompile Include="..\src\live2d\LAppModel.cpp">
      <Filter>Source Files\live2d</Filter>
    </ClCompile>
    <ClCompile Include="..\src\live2d\LAppPal.cpp">
      <Filter>Source Files\live2d</Filter>
    </ClCompile>
    <ClCompile Include="..\src\live2d\LAppSprite.cpp">
      <Filter>Source Files\live2d</Filter>
    </ClCompile>
    <ClCompile Include="..\src\live2d\LAppTextureManager.cpp">
      <Filter>Source Files\live2d</Filter>
    </ClCompile>
    <ClCompile Include="..\src\live2d\LAppView.cpp">
      <Filter>Source Files\live2d</Filter>
    </ClCompile>
    <ClCompile Include="..\src\live2d\LAppWavFileHandler.cpp">
      <Filter>Source Files\live2d</Filter>
    </ClCompile>
    <ClCompile Include="..\src\live2d\TouchManager.cpp">
      <Filter>Source Files\live2d</Filter>
    </ClCompile>
    <ClCompile Include="..\src\plugin\PluginManager.cpp">
      <Filter>Source Files\plugin</Filter>
    </ClCompile>
    <ClCompile Include="..\src\sqlite3\sqlite3.c">
      <Filter>Source Files\sqlite</Filter>
    </ClCompile>
    <ClCompile Include="..\src\utils\AudioUtils.cpp">
      <Filter>Source Files\utils</Filter>
    </ClCompile>
    <ClCompile Include="..\src\utils\ChatHistoryDB.cpp">
      <Filter>Source Files\utils</Filter>
    </ClCompile>
    <ClCompile Include="..\src\utils\NetworkUtils.cpp">
      <Filter>Source Files\utils</Filter>
    </ClCompile>
    <ClCompile Include="..\src\utils\RandomTalk.cpp">
      <Filter>Source Files\utils</Filter>
    </ClCompile>
    <ClCompile Include="..\src\win\AppSettings.cpp">
      <Filter>Source Files\win</Filter>
    </ClCompile>
    <ClCompile Include="..\src\win\ChatHistoryView.cpp">
      <Filter>Source Files\win</Filter>
    </ClCompile>
    <ClCompile Include="..\src\win\ChatSettings.cpp">
      <Filter>Source Files\win</Filter>
    </ClCompile>
    <ClCompile Include="..\src\win\ChatWidget.cpp">
      <Filter>Source Files\win</Filter>
    </ClCompile>
    <ClCompile Include="..\src\win\ControlWidget.cpp">
      <Filter>Source Files\win</Filter>
    </ClCompile>
    <ClCompile Include="..\src\win\Dialog.cpp">
      <Filter>Source Files\win</Filter>
    </ClCompile>
    <ClCompile Include="..\src\win\GLWidget.cpp">
      <Filter>Source Files\win</Filter>
    </ClCompile>
    <ClCompile Include="..\src\win\ModelSettings.cpp">
      <Filter>Source Files\win</Filter>
    </ClCompile>
    <ClCompile Include="..\src\win\PieMenu.cpp">
      <Filter>Source Files\win</Filter>
    </ClCompile>
    <ClCompile Include="..\src\win\PluginSettings.cpp">
      <Filter>Source Files\win</Filter>
    </ClCompile>
    <ClCompile Include="..\src\meta\moc_ChatHistoryView.cpp">
      <Filter>Source Files\meta</Filter>
    </ClCompile>
    <ClCompile Include="..\src\meta\moc_ChatWidget.cpp">
      <Filter>Source Files\meta</Filter>
    </ClCompile>
    <ClCompile Include="..\src\meta\moc_ControlWidget.cpp">
      <Filter>Source Files\meta</Filter>
    </ClCompile>
    <ClCompile Include="..\src\meta\moc_Dialog.cpp">
      <Filter>Source Files\meta</Filter>
    </ClCompile>
    <ClCompile Include="..\src\meta\moc_GLWidget.cpp">
      <Filter>Source Files\meta</Filter>
    </ClCompile>
    <ClCompile Include="..\src\meta\moc_PieMenu.cpp">
      <Filter>Source Files\meta</Filter>
    </ClCompile>
    <ClCompile Include="..\src\json\jsoncpp.cpp">
      <Filter>Source Files\json</Filter>
    </ClCompile>
  </ItemGroup>
  <ItemGroup>
    <ClInclude Include="..\src\LApp.h">
      <Filter>Header Files</Filter>
    </ClInclude>
    <ClInclude Include="..\src\interface\IAppSettings.h">
      <Filter>Header Files\interface</Filter>
    </ClInclude>
    <ClInclude Include="..\src\interface\IChatHistoryView.h">
      <Filter>Header Files\interface</Filter>
    </ClInclude>
    <ClInclude Include="..\src\interface\IChatSettings.h">
      <Filter>Header Files\interface</Filter>
    </ClInclude>
    <ClInclude Include="..\src\interface\IChatWidget.h">
      <Filter>Header Files\interface</Filter>
    </ClInclude>
    <ClInclude Include="..\src\interface\IControlWidget.h">
      <Filter>Header Files\interface</Filter>
    </ClInclude>
    <ClInclude Include="..\src\interface\IDialog.h">
      <Filter>Header Files\interface</Filter>
    </ClInclude>
    <ClInclude Include="..\src\interface\IGLWidget.h">
      <Filter>Header Files\interface</Filter>
    </ClInclude>
    <ClInclude Include="..\src\interface\ILApp.h">
      <Filter>Header Files\interface</Filter>
    </ClInclude>
    <ClInclude Include="..\src\interface\ILAppModel.h">
      <Filter>Header Files\interface</Filter>
    </ClInclude>
    <ClInclude Include="..\src\interface\IModelSettings.h">
      <Filter>Header Files\interface</Filter>
    </ClInclude>
    <ClInclude Include="..\src\interface\IPieMenu.h">
      <Filter>Header Files\interface</Filter>
    </ClInclude>
    <ClInclude Include="..\src\interface\IPlugin.h">
      <Filter>Header Files\interface</Filter>
    </ClInclude>
    <ClInclude Include="..\src\interface\IPluginSettings.h">
      <Filter>Header Files\interface</Filter>
    </ClInclude>
    <ClInclude Include="..\src\live2d\LAppAllocator.hpp">
      <Filter>Header Files\live2d</Filter>
    </ClInclude>
    <ClInclude Include="..\src\live2d\LAppDefine.hpp">
      <Filter>Header Files\live2d</Filter>
    </ClInclude>
    <ClInclude Include="..\src\live2d\LAppDelegate.hpp">
      <Filter>Header Files\live2d</Filter>
    </ClInclude>
    <ClInclude Include="..\src\live2d\LAppLive2DManager.hpp">
      <Filter>Header Files\live2d</Filter>
    </ClInclude>
    <ClInclude Include="..\src\live2d\LAppModel.hpp">
      <Filter>Header Files\live2d</Filter>
    </ClInclude>
    <ClInclude Include="..\src\live2d\LAppPal.hpp">
      <Filter>Header Files\live2d</Filter>
    </ClInclude>
    <ClInclude Include="..\src\live2d\LAppSprite.hpp">
      <Filter>Header Files\live2d</Filter>
    </ClInclude>
    <ClInclude Include="..\src\live2d\LAppTextureManager.hpp">
      <Filter>Header Files\live2d</Filter>
    </ClInclude>
    <ClInclude Include="..\src\live2d\LAppView.hpp">
      <Filter>Header Files\live2d</Filter>
    </ClInclude>
    <ClInclude Include="..\src\live2d\LAppWavFileHandler.hpp">
      <Filter>Header Files\live2d</Filter>
    </ClInclude>
    <ClInclude Include="..\src\live2d\TouchManager.hpp">
      <Filter>Header Files\live2d</Filter>
    </ClInclude>
    <ClInclude Include="..\src\plugin\PluginManager.h">
      <Filter>Header Files\plugin</Filter>
    </ClInclude>
    <ClInclude Include="..\src\sqlite3\sqlite3.h">
      <Filter>Header Files\sqlite</Filter>
    </ClInclude>
    <ClInclude Include="..\src\utils\AudioUtils.h">
      <Filter>Header Files\utils</Filter>
    </ClInclude>
    <ClInclude Include="..\src\utils\ChatHistoryDB.h">
      <Filter>Header Files\utils</Filter>
    </ClInclude>
    <ClInclude Include="..\src\utils\NetworkUtils.h">
      <Filter>Header Files\utils</Filter>
    </ClInclude>
    <ClInclude Include="..\src\utils\RandomTalk.h">
      <Filter>Header Files\utils</Filter>
    </ClInclude>
    <ClInclude Include="..\src\win\ChatHistoryView.h">
      <Filter>Header Files\win</Filter>
    </ClInclude>
    <ClInclude Include="..\src\win\ChatWidget.h">
      <Filter>Header Files\win</Filter>
    </ClInclude>
    <ClInclude Include="..\src\win\ControlWidget.h">
      <Filter>Header Files\win</Filter>
    </ClInclude>
    <ClInclude Include="..\src\win\Dialog.h">
      <Filter>Header Files\win</Filter>
    </ClInclude>
    <ClInclude Include="..\src\win\GLWidget.h">
      <Filter>Header Files\win</Filter>
    </ClInclude>
    <ClInclude Include="..\src\win\PieMenu.h">
      <Filter>Header Files\win</Filter>
    </ClInclude>
    <ClInclude Include="..\src\json\json.h">
      <Filter>Header Files\json</Filter>
    </ClInclude>
  </ItemGroup>
  <ItemGroup>
    <Filter Include="Header Files">
      <UniqueIdentifier>{237F0E11-5D4D-3E3F-B4D2-D805FCDCEB73}</UniqueIdentifier>
    </Filter>
    <Filter Include="Source Files">
      <UniqueIdentifier>{311009D0-A696-327E-ADDB-D4754E03EF38}</UniqueIdentifier>
    </Filter>
    <Filter Include="Header Files\live2d">
      <UniqueIdentifier>{b613306e-3550-4d49-982e-5e58d45d65bc}</UniqueIdentifier>
    </Filter>
    <Filter Include="Header Files\win">
      <UniqueIdentifier>{3fbddb51-b327-4703-ac1f-608ab252a8e3}</UniqueIdentifier>
    </Filter>
    <Filter Include="Header Files\utils">
      <UniqueIdentifier>{ce3149c2-1213-4f67-9dad-bb573bde22f4}</UniqueIdentifier>
    </Filter>
    <Filter Include="Source Files\live2d">
      <UniqueIdentifier>{c1e5d4d5-a484-4bc5-815a-fb27eeaac9b5}</UniqueIdentifier>
    </Filter>
    <Filter Include="Source Files\win">
      <UniqueIdentifier>{75358797-80df-4274-98f3-fa7924db59d2}</UniqueIdentifier>
    </Filter>
    <Filter Include="Source Files\utils">
      <UniqueIdentifier>{5176c530-d29d-466a-8724-cd1a4e108c2f}</UniqueIdentifier>
    </Filter>
    <Filter Include="Source Files\meta">
      <UniqueIdentifier>{6ed3489e-383e-4592-a8e3-09b9d3e65ffe}</UniqueIdentifier>
    </Filter>
    <Filter Include="Header Files\sqlite">
      <UniqueIdentifier>{3f5a2c56-f23e-456b-a543-b79f80e07261}</UniqueIdentifier>
    </Filter>
    <Filter Include="Source Files\sqlite">
      <UniqueIdentifier>{1e07a46b-533b-4180-a5e7-ab47e41f3351}</UniqueIdentifier>
    </Filter>
    <Filter Include="Header Files\interface">
      <UniqueIdentifier>{a859bef1-c22c-4cc3-80c4-b5f6725f1eea}</UniqueIdentifier>
    </Filter>
    <Filter Include="Header Files\plugin">
      <UniqueIdentifier>{8c89b4b2-d070-41c6-a778-a61374bbd6f1}</UniqueIdentifier>
    </Filter>
    <Filter Include="Source Files\plugin">
      <UniqueIdentifier>{eccbf4e8-5b41-493d-9c32-baeb9b249f1a}</UniqueIdentifier>
    </Filter>
    <Filter Include="Header Files\json">
      <UniqueIdentifier>{23ef749e-e46d-447f-a29c-d46b7d1e58e5}</UniqueIdentifier>
    </Filter>
    <Filter Include="Source Files\json">
      <UniqueIdentifier>{c79ebaa5-fe39-4954-ae13-86b53834bae3}</UniqueIdentifier>
    </Filter>
  </ItemGroup>
</Project>