<?xml version="1.0" encoding="utf-8"?>
<Project ToolsVersion="17.0" xmlns="http://schemas.microsoft.com/developer/msbuild/2003">
  <ItemGroup>
    <CustomBuild Include="D:\Live2D\CubismSdkForNative-4-r.5.1\Samples\OpenGL\Demo\proj.win.cmake\build\proj_msvc2022_x86_mt\CMakeFiles\cdb0538ea479ca8217e2134c937b1dbe\INSTALL_force.rule">
      <Filter>CMake Rules</Filter>
    </CustomBuild>
  </ItemGroup>
  <ItemGroup>
    <Filter Include="CMake Rules">
      <UniqueIdentifier>{2F243D9B-C8DD-3CAB-B09F-16ECD610DE88}</UniqueIdentifier>
    </Filter>
  </ItemGroup>
</Project>
